
Microsoft Visual Studio Solution File, Format Version 12.00
# Visual Studio Version 16
VisualStudioVersion = 16.0.30204.135
MinimumVisualStudioVersion = 10.0.40219.1
Project("{FAE04EC0-301F-11D3-BF4B-00C04F79EFBC}") = "Paint", "Paint\Paint.csproj", "{C6174329-5AB4-4256-9AC3-A54633B836D6}"
EndProject
Global
	GlobalSection(SolutionConfigurationPlatforms) = preSolution
		Debug|Any CPU = Debug|Any CPU
		Release|Any CPU = Release|Any CPU
	EndGlobalSection
	GlobalSection(ProjectConfigurationPlatforms) = postSolution
		{C6174329-5AB4-4256-9AC3-A54633B836D6}.Debug|Any CPU.ActiveCfg = Debug|Any CPU
		{C6174329-5AB4-4256-9AC3-A54633B836D6}.Debug|Any CPU.Build.0 = Debug|Any CPU
		{C6174329-5AB4-4256-9AC3-A54633B836D6}.Release|Any CPU.ActiveCfg = Release|Any CPU
		{C6174329-5AB4-4256-9AC3-A54633B836D6}.Release|Any CPU.Build.0 = Release|Any CPU
	EndGlobalSection
	GlobalSection(SolutionProperties) = preSolution
		HideSolutionNode = FALSE
	EndGlobalSection
	GlobalSection(ExtensibilityGlobals) = postSolution
		SolutionGuid = {C6B0A404-AEE6-4480-B218-CD8A30B39364}
	EndGlobalSection
EndGlobal
